
Microsoft Visual Studio Solution File, Format Version 12.00
# Visual Studio Version 16
VisualStudioVersion = 16.0.30114.105
MinimumVisualStudioVersion = 10.0.40219.1
Project("{2150E333-8FDC-42A3-9474-1A3956D46DE8}") = "src", "src", "{CB6A5F7F-4C83-46CB-8159-DBD6A44999F6}"
EndProject
Project("{FAE04EC0-301F-11D3-BF4B-00C04F79EFBC}") = "Domain", "src\Domain\Domain.csproj", "{7AE4A285-CA23-4FAA-B7E6-02368305FF43}"
EndProject
Project("{FAE04EC0-301F-11D3-BF4B-00C04F79EFBC}") = "Application", "src\Application\Application.csproj", "{45BBD9C5-B7CE-4329-86E7-F91808AFB59D}"
EndProject
Project("{FAE04EC0-301F-11D3-BF4B-00C04F79EFBC}") = "Infrastructure", "src\Infrastructure\Infrastructure.csproj", "{0DBC05A9-823A-41EE-BA42-45E4A977EA8C}"
EndProject
Project("{FAE04EC0-301F-11D3-BF4B-00C04F79EFBC}") = "Api", "src\Api\Api.csproj", "{E806F14C-B9F8-4ED0-BD06-778CDCC76665}"
EndProject
Project("{FAE04EC0-301F-11D3-BF4B-00C04F79EFBC}") = "Contracts", "src\Contracts\Contracts.csproj", "{E69ABF41-EE57-437E-8D2F-99BF3CF14C87}"
EndProject
Global
	GlobalSection(SolutionConfigurationPlatforms) = preSolution
		Debug|Any CPU = Debug|Any CPU
		Release|Any CPU = Release|Any CPU
	EndGlobalSection
	GlobalSection(SolutionProperties) = preSolution
		HideSolutionNode = FALSE
	EndGlobalSection
	GlobalSection(ProjectConfigurationPlatforms) = postSolution
		{7AE4A285-CA23-4FAA-B7E6-02368305FF43}.Debug|Any CPU.ActiveCfg = Debug|Any CPU
		{7AE4A285-CA23-4FAA-B7E6-02368305FF43}.Debug|Any CPU.Build.0 = Debug|Any CPU
		{7AE4A285-CA23-4FAA-B7E6-02368305FF43}.Release|Any CPU.ActiveCfg = Release|Any CPU
		{7AE4A285-CA23-4FAA-B7E6-02368305FF43}.Release|Any CPU.Build.0 = Release|Any CPU
		{45BBD9C5-B7CE-4329-86E7-F91808AFB59D}.Debug|Any CPU.ActiveCfg = Debug|Any CPU
		{45BBD9C5-B7CE-4329-86E7-F91808AFB59D}.Debug|Any CPU.Build.0 = Debug|Any CPU
		{45BBD9C5-B7CE-4329-86E7-F91808AFB59D}.Release|Any CPU.ActiveCfg = Release|Any CPU
		{45BBD9C5-B7CE-4329-86E7-F91808AFB59D}.Release|Any CPU.Build.0 = Release|Any CPU
		{0DBC05A9-823A-41EE-BA42-45E4A977EA8C}.Debug|Any CPU.ActiveCfg = Debug|Any CPU
		{0DBC05A9-823A-41EE-BA42-45E4A977EA8C}.Debug|Any CPU.Build.0 = Debug|Any CPU
		{0DBC05A9-823A-41EE-BA42-45E4A977EA8C}.Release|Any CPU.ActiveCfg = Release|Any CPU
		{0DBC05A9-823A-41EE-BA42-45E4A977EA8C}.Release|Any CPU.Build.0 = Release|Any CPU
		{E806F14C-B9F8-4ED0-BD06-778CDCC76665}.Debug|Any CPU.ActiveCfg = Debug|Any CPU
		{E806F14C-B9F8-4ED0-BD06-778CDCC76665}.Debug|Any CPU.Build.0 = Debug|Any CPU
		{E806F14C-B9F8-4ED0-BD06-778CDCC76665}.Release|Any CPU.ActiveCfg = Release|Any CPU
		{E806F14C-B9F8-4ED0-BD06-778CDCC76665}.Release|Any CPU.Build.0 = Release|Any CPU
		{E69ABF41-EE57-437E-8D2F-99BF3CF14C87}.Debug|Any CPU.ActiveCfg = Debug|Any CPU
		{E69ABF41-EE57-437E-8D2F-99BF3CF14C87}.Debug|Any CPU.Build.0 = Debug|Any CPU
		{E69ABF41-EE57-437E-8D2F-99BF3CF14C87}.Release|Any CPU.ActiveCfg = Release|Any CPU
		{E69ABF41-EE57-437E-8D2F-99BF3CF14C87}.Release|Any CPU.Build.0 = Release|Any CPU
	EndGlobalSection
	GlobalSection(NestedProjects) = preSolution
		{7AE4A285-CA23-4FAA-B7E6-02368305FF43} = {CB6A5F7F-4C83-46CB-8159-DBD6A44999F6}
		{45BBD9C5-B7CE-4329-86E7-F91808AFB59D} = {CB6A5F7F-4C83-46CB-8159-DBD6A44999F6}
		{0DBC05A9-823A-41EE-BA42-45E4A977EA8C} = {CB6A5F7F-4C83-46CB-8159-DBD6A44999F6}
		{E806F14C-B9F8-4ED0-BD06-778CDCC76665} = {CB6A5F7F-4C83-46CB-8159-DBD6A44999F6}
		{E69ABF41-EE57-437E-8D2F-99BF3CF14C87} = {CB6A5F7F-4C83-46CB-8159-DBD6A44999F6}
	EndGlobalSection
EndGlobal
